
Microsoft Visual Studio Solution File, Format Version 12.00
# Visual Studio Version 17
VisualStudioVersion = 17.5.33530.505
MinimumVisualStudioVersion = 10.0.40219.1
Project("{FAE04EC0-301F-11D3-BF4B-00C04F79EFBC}") = "Messil.Web", "Messil.Web\Messil.Web.csproj", "{19CEBE77-521D-40E6-98F7-A273EFCF271A}"
EndProject
Project("{FAE04EC0-301F-11D3-BF4B-00C04F79EFBC}") = "Messil.Core", "Messil.Core\Messil.Core.csproj", "{49F7B0C8-022A-4860-B2FC-F92BA3B62E9D}"
EndProject
Project("{FAE04EC0-301F-11D3-BF4B-00C04F79EFBC}") = "Messil.Infrastructure", "Messil.Infrastructure\Messil.Infrastructure.csproj", "{F3B11C73-84DA-405B-ABEB-FAF2955ECF2D}"
EndProject
Project("{FAE04EC0-301F-11D3-BF4B-00C04F79EFBC}") = "Messil.SignalR", "Messil.SignalR\Messil.SignalR.csproj", "{CC8AFCE0-EAF9-434D-9D04-F208AD781DB3}"
EndProject
Project("{FAE04EC0-301F-11D3-BF4B-00C04F79EFBC}") = "Messil.Shared", "Messil.Shared\Messil.Shared.csproj", "{ECF9FD22-1F7D-43BB-B5F1-A7232CC77925}"
EndProject
Global
	GlobalSection(SolutionConfigurationPlatforms) = preSolution
		Debug|Any CPU = Debug|Any CPU
		Release|Any CPU = Release|Any CPU
	EndGlobalSection
	GlobalSection(ProjectConfigurationPlatforms) = postSolution
		{19CEBE77-521D-40E6-98F7-A273EFCF271A}.Debug|Any CPU.ActiveCfg = Debug|Any CPU
		{19CEBE77-521D-40E6-98F7-A273EFCF271A}.Debug|Any CPU.Build.0 = Debug|Any CPU
		{19CEBE77-521D-40E6-98F7-A273EFCF271A}.Release|Any CPU.ActiveCfg = Release|Any CPU
		{19CEBE77-521D-40E6-98F7-A273EFCF271A}.Release|Any CPU.Build.0 = Release|Any CPU
		{49F7B0C8-022A-4860-B2FC-F92BA3B62E9D}.Debug|Any CPU.ActiveCfg = Debug|Any CPU
		{49F7B0C8-022A-4860-B2FC-F92BA3B62E9D}.Debug|Any CPU.Build.0 = Debug|Any CPU
		{49F7B0C8-022A-4860-B2FC-F92BA3B62E9D}.Release|Any CPU.ActiveCfg = Release|Any CPU
		{49F7B0C8-022A-4860-B2FC-F92BA3B62E9D}.Release|Any CPU.Build.0 = Release|Any CPU
		{F3B11C73-84DA-405B-ABEB-FAF2955ECF2D}.Debug|Any CPU.ActiveCfg = Debug|Any CPU
		{F3B11C73-84DA-405B-ABEB-FAF2955ECF2D}.Debug|Any CPU.Build.0 = Debug|Any CPU
		{F3B11C73-84DA-405B-ABEB-FAF2955ECF2D}.Release|Any CPU.ActiveCfg = Release|Any CPU
		{F3B11C73-84DA-405B-ABEB-FAF2955ECF2D}.Release|Any CPU.Build.0 = Release|Any CPU
		{CC8AFCE0-EAF9-434D-9D04-F208AD781DB3}.Debug|Any CPU.ActiveCfg = Debug|Any CPU
		{CC8AFCE0-EAF9-434D-9D04-F208AD781DB3}.Debug|Any CPU.Build.0 = Debug|Any CPU
		{CC8AFCE0-EAF9-434D-9D04-F208AD781DB3}.Release|Any CPU.ActiveCfg = Release|Any CPU
		{CC8AFCE0-EAF9-434D-9D04-F208AD781DB3}.Release|Any CPU.Build.0 = Release|Any CPU
		{ECF9FD22-1F7D-43BB-B5F1-A7232CC77925}.Debug|Any CPU.ActiveCfg = Debug|Any CPU
		{ECF9FD22-1F7D-43BB-B5F1-A7232CC77925}.Debug|Any CPU.Build.0 = Debug|Any CPU
		{ECF9FD22-1F7D-43BB-B5F1-A7232CC77925}.Release|Any CPU.ActiveCfg = Release|Any CPU
		{ECF9FD22-1F7D-43BB-B5F1-A7232CC77925}.Release|Any CPU.Build.0 = Release|Any CPU
	EndGlobalSection
	GlobalSection(SolutionProperties) = preSolution
		HideSolutionNode = FALSE
	EndGlobalSection
	GlobalSection(ExtensibilityGlobals) = postSolution
		SolutionGuid = {8C829247-4A70-4D00-982D-70839A90B94C}
	EndGlobalSection
EndGlobal
